// !$*UTF8*$!
{
	archiveVersion = 1;
	classes = {
	};
	objectVersion = 50;
	objects = {

/* Begin PBXBuildFile section */
		40B5895011D512F93F92DA3A /* libPods-ReactiveCocoa_Use.a in Frameworks */ = {isa = PBXBuildFile; fileRef = B985F87D03CE3D0C29EF4989 /* libPods-ReactiveCocoa_Use.a */; };
		4E10CE2220D00A9F00872F4B /* AppDelegate.m in Sources */ = {isa = PBXBuildFile; fileRef = 4E10CE2120D00A9F00872F4B /* AppDelegate.m */; };
		4E10CE2520D00A9F00872F4B /* ViewController.m in Sources */ = {isa = PBXBuildFile; fileRef = 4E10CE2420D00A9F00872F4B /* ViewController.m */; };
		4E10CE2820D00A9F00872F4B /* Main.storyboard in Resources */ = {isa = PBXBuildFile; fileRef = 4E10CE2620D00A9F00872F4B /* Main.storyboard */; };
		4E10CE2A20D00AA000872F4B /* Assets.xcassets in Resources */ = {isa = PBXBuildFile; fileRef = 4E10CE2920D00AA000872F4B /* Assets.xcassets */; };
		4E10CE2D20D00AA000872F4B /* LaunchScreen.storyboard in Resources */ = {isa = PBXBuildFile; fileRef = 4E10CE2B20D00AA000872F4B /* LaunchScreen.storyboard */; };
		4E10CE3020D00AA000872F4B /* main.m in Sources */ = {isa = PBXBuildFile; fileRef = 4E10CE2F20D00AA000872F4B /* main.m */; };
		4E10CE3A20D00DF600872F4B /* RACViewController.m in Sources */ = {isa = PBXBuildFile; fileRef = 4E10CE3920D00DF600872F4B /* RACViewController.m */; };
		4E10CE3F20D014B100872F4B /* WKView.m in Sources */ = {isa = PBXBuildFile; fileRef = 4E10CE3C20D014B000872F4B /* WKView.m */; };
		4E10CE4020D014B100872F4B /* KFC.m in Sources */ = {isa = PBXBuildFile; fileRef = 4E10CE3D20D014B000872F4B /* KFC.m */; };
		4E10CE4220D014DC00872F4B /* kfc.plist in Resources */ = {isa = PBXBuildFile; fileRef = 4E10CE4120D014DB00872F4B /* kfc.plist */; };
		4E10CE9E20D1080800872F4B /* MWPhotoBrowser.m in Sources */ = {isa = PBXBuildFile; fileRef = 4E10CE4B20D1080700872F4B /* MWPhotoBrowser.m */; };
		4E10CE9F20D1080800872F4B /* MWCaptionView.m in Sources */ = {isa = PBXBuildFile; fileRef = 4E10CE4C20D1080700872F4B /* MWCaptionView.m */; };
		4E10CEA020D1080800872F4B /* MWZoomingScrollView.m in Sources */ = {isa = PBXBuildFile; fileRef = 4E10CE4F20D1080700872F4B /* MWZoomingScrollView.m */; };
		4E10CEA120D1080800872F4B /* MWTapDetectingImageView.m in Sources */ = {isa = PBXBuildFile; fileRef = 4E10CE5120D1080700872F4B /* MWTapDetectingImageView.m */; };
		4E10CEA220D1080800872F4B /* MWPhoto.m in Sources */ = {isa = PBXBuildFile; fileRef = 4E10CE5220D1080700872F4B /* MWPhoto.m */; };
		4E10CEA320D1080800872F4B /* MWTapDetectingView.m in Sources */ = {isa = PBXBuildFile; fileRef = 4E10CE5320D1080700872F4B /* MWTapDetectingView.m */; };
		4E10CEA420D1080800872F4B /* MWGridViewController.m in Sources */ = {isa = PBXBuildFile; fileRef = 4E10CE5520D1080700872F4B /* MWGridViewController.m */; };
		4E10CEA520D1080800872F4B /* MWGridCell.m in Sources */ = {isa = PBXBuildFile; fileRef = 4E10CE5820D1080800872F4B /* MWGridCell.m */; };
		4E10CEA620D1080800872F4B /* DACircularProgressView.m in Sources */ = {isa = PBXBuildFile; fileRef = 4E10CE5C20D1080800872F4B /* DACircularProgressView.m */; };
		4E10CEA720D1080800872F4B /* PSTCollectionViewController.m in Sources */ = {isa = PBXBuildFile; fileRef = 4E10CE6420D1080800872F4B /* PSTCollectionViewController.m */; };
		4E10CEA820D1080800872F4B /* PSTCollectionViewFlowLayout.m in Sources */ = {isa = PBXBuildFile; fileRef = 4E10CE6620D1080800872F4B /* PSTCollectionViewFlowLayout.m */; };
		4E10CEA920D1080800872F4B /* PSTCollectionViewCell.m in Sources */ = {isa = PBXBuildFile; fileRef = 4E10CE6920D1080800872F4B /* PSTCollectionViewCell.m */; };
		4E10CEAA20D1080800872F4B /* PSTGridLayoutInfo.m in Sources */ = {isa = PBXBuildFile; fileRef = 4E10CE6C20D1080800872F4B /* PSTGridLayoutInfo.m */; };
		4E10CEAB20D1080800872F4B /* PSTCollectionViewData.m in Sources */ = {isa = PBXBuildFile; fileRef = 4E10CE6D20D1080800872F4B /* PSTCollectionViewData.m */; };
		4E10CEAC20D1080800872F4B /* NSIndexPath+PSTCollectionViewAdditions.m in Sources */ = {isa = PBXBuildFile; fileRef = 4E10CE6E20D1080800872F4B /* NSIndexPath+PSTCollectionViewAdditions.m */; };
		4E10CEAD20D1080800872F4B /* PSTCollectionViewUpdateItem.m in Sources */ = {isa = PBXBuildFile; fileRef = 4E10CE6F20D1080800872F4B /* PSTCollectionViewUpdateItem.m */; };
		4E10CEAE20D1080800872F4B /* PSTGridLayoutSection.m in Sources */ = {isa = PBXBuildFile; fileRef = 4E10CE7020D1080800872F4B /* PSTGridLayoutSection.m */; };
		4E10CEAF20D1080800872F4B /* PSTCollectionViewItemKey.m in Sources */ = {isa = PBXBuildFile; fileRef = 4E10CE7120D1080800872F4B /* PSTCollectionViewItemKey.m */; };
		4E10CEB020D1080800872F4B /* PSTCollectionView.m in Sources */ = {isa = PBXBuildFile; fileRef = 4E10CE7220D1080800872F4B /* PSTCollectionView.m */; };
		4E10CEB120D1080800872F4B /* PSTGridLayoutRow.m in Sources */ = {isa = PBXBuildFile; fileRef = 4E10CE7420D1080800872F4B /* PSTGridLayoutRow.m */; };
		4E10CEB220D1080800872F4B /* PSTCollectionViewLayout.m in Sources */ = {isa = PBXBuildFile; fileRef = 4E10CE7820D1080800872F4B /* PSTCollectionViewLayout.m */; };
		4E10CEB320D1080800872F4B /* PSTGridLayoutItem.m in Sources */ = {isa = PBXBuildFile; fileRef = 4E10CE7920D1080800872F4B /* PSTGridLayoutItem.m */; };
		4E10CEB420D1080800872F4B /* EMSDWebImageDownloader.m in Sources */ = {isa = PBXBuildFile; fileRef = 4E10CE7C20D1080800872F4B /* EMSDWebImageDownloader.m */; };
		4E10CEB520D1080800872F4B /* NSData+EMImageContentType.m in Sources */ = {isa = PBXBuildFile; fileRef = 4E10CE7D20D1080800872F4B /* NSData+EMImageContentType.m */; };
		4E10CEB620D1080800872F4B /* UIButton+EMWebCache.m in Sources */ = {isa = PBXBuildFile; fileRef = 4E10CE7F20D1080800872F4B /* UIButton+EMWebCache.m */; };
		4E10CEB720D1080800872F4B /* EMSDWebImagePrefetcher.m in Sources */ = {isa = PBXBuildFile; fileRef = 4E10CE8420D1080800872F4B /* EMSDWebImagePrefetcher.m */; };
		4E10CEB820D1080800872F4B /* MKAnnotationView+EMWebCache.m in Sources */ = {isa = PBXBuildFile; fileRef = 4E10CE8620D1080800872F4B /* MKAnnotationView+EMWebCache.m */; };
		4E10CEB920D1080800872F4B /* UIView+EMWebCacheOperation.m in Sources */ = {isa = PBXBuildFile; fileRef = 4E10CE8720D1080800872F4B /* UIView+EMWebCacheOperation.m */; };
		4E10CEBA20D1080800872F4B /* EMSDImageCache.m in Sources */ = {isa = PBXBuildFile; fileRef = 4E10CE8820D1080800872F4B /* EMSDImageCache.m */; };
		4E10CEBB20D1080800872F4B /* EMSDWebImageDecoder.m in Sources */ = {isa = PBXBuildFile; fileRef = 4E10CE8920D1080800872F4B /* EMSDWebImageDecoder.m */; };
		4E10CEBC20D1080800872F4B /* UIImageView+EMWebCache.m in Sources */ = {isa = PBXBuildFile; fileRef = 4E10CE8A20D1080800872F4B /* UIImageView+EMWebCache.m */; };
		4E10CEBD20D1080800872F4B /* EMSDWebImageManager.m in Sources */ = {isa = PBXBuildFile; fileRef = 4E10CE8B20D1080800872F4B /* EMSDWebImageManager.m */; };
		4E10CEBE20D1080800872F4B /* UIImage+EMWebP.m in Sources */ = {isa = PBXBuildFile; fileRef = 4E10CE8C20D1080800872F4B /* UIImage+EMWebP.m */; };
		4E10CEBF20D1080800872F4B /* UIImage+EMGIF.m in Sources */ = {isa = PBXBuildFile; fileRef = 4E10CE8F20D1080800872F4B /* UIImage+EMGIF.m */; };
		4E10CEC020D1080800872F4B /* EMSDWebImageDownloaderOperation.m in Sources */ = {isa = PBXBuildFile; fileRef = 4E10CE9220D1080800872F4B /* EMSDWebImageDownloaderOperation.m */; };
		4E10CEC120D1080800872F4B /* EMSDWebImageCompat.m in Sources */ = {isa = PBXBuildFile; fileRef = 4E10CE9320D1080800872F4B /* EMSDWebImageCompat.m */; };
		4E10CEC220D1080800872F4B /* UIImage+EMMultiFormat.m in Sources */ = {isa = PBXBuildFile; fileRef = 4E10CE9420D1080800872F4B /* UIImage+EMMultiFormat.m */; };
		4E10CEC320D1080800872F4B /* UIImageView+EMHighlightedWebCache.m in Sources */ = {isa = PBXBuildFile; fileRef = 4E10CE9520D1080800872F4B /* UIImageView+EMHighlightedWebCache.m */; };
		4E10CEC420D1080800872F4B /* MWPhotoBrowser.bundle in Resources */ = {isa = PBXBuildFile; fileRef = 4E10CE9D20D1080800872F4B /* MWPhotoBrowser.bundle */; };
		4E10CEC720D1168F00872F4B /* ContentModel.m in Sources */ = {isa = PBXBuildFile; fileRef = 4E10CEC620D1168F00872F4B /* ContentModel.m */; };
/* End PBXBuildFile section */

/* Begin PBXFileReference section */
		4E10CE1D20D00A9F00872F4B /* ReactiveCocoa_Use.app */ = {isa = PBXFileReference; explicitFileType = wrapper.application; includeInIndex = 0; path = ReactiveCocoa_Use.app; sourceTree = BUILT_PRODUCTS_DIR; };
		4E10CE2020D00A9F00872F4B /* AppDelegate.h */ = {isa = PBXFileReference; lastKnownFileType = sourcecode.c.h; path = AppDelegate.h; sourceTree = "<group>"; };
		4E10CE2120D00A9F00872F4B /* AppDelegate.m */ = {isa = PBXFileReference; lastKnownFileType = sourcecode.c.objc; path = AppDelegate.m; sourceTree = "<group>"; };
		4E10CE2320D00A9F00872F4B /* ViewController.h */ = {isa = PBXFileReference; lastKnownFileType = sourcecode.c.h; path = ViewController.h; sourceTree = "<group>"; };
		4E10CE2420D00A9F00872F4B /* ViewController.m */ = {isa = PBXFileReference; lastKnownFileType = sourcecode.c.objc; path = ViewController.m; sourceTree = "<group>"; };
		4E10CE2720D00A9F00872F4B /* Base */ = {isa = PBXFileReference; lastKnownFileType = file.storyboard; name = Base; path = Base.lproj/Main.storyboard; sourceTree = "<group>"; };
		4E10CE2920D00AA000872F4B /* Assets.xcassets */ = {isa = PBXFileReference; lastKnownFileType = folder.assetcatalog; path = Assets.xcassets; sourceTree = "<group>"; };
		4E10CE2C20D00AA000872F4B /* Base */ = {isa = PBXFileReference; lastKnownFileType = file.storyboard; name = Base; path = Base.lproj/LaunchScreen.storyboard; sourceTree = "<group>"; };
		4E10CE2E20D00AA000872F4B /* Info.plist */ = {isa = PBXFileReference; lastKnownFileType = text.plist.xml; path = Info.plist; sourceTree = "<group>"; };
		4E10CE2F20D00AA000872F4B /* main.m */ = {isa = PBXFileReference; lastKnownFileType = sourcecode.c.objc; path = main.m; sourceTree = "<group>"; };
		4E10CE3720D00BA000872F4B /* PrefixHeader.pch */ = {isa = PBXFileReference; lastKnownFileType = sourcecode.c.h; path = PrefixHeader.pch; sourceTree = "<group>"; };
		4E10CE3820D00DF600872F4B /* RACViewController.h */ = {isa = PBXFileReference; lastKnownFileType = sourcecode.c.h; path = RACViewController.h; sourceTree = "<group>"; };
		4E10CE3920D00DF600872F4B /* RACViewController.m */ = {isa = PBXFileReference; lastKnownFileType = sourcecode.c.objc; path = RACViewController.m; sourceTree = "<group>"; };
		4E10CE3B20D014B000872F4B /* WKView.h */ = {isa = PBXFileReference; fileEncoding = 4; lastKnownFileType = sourcecode.c.h; path = WKView.h; sourceTree = "<group>"; };
		4E10CE3C20D014B000872F4B /* WKView.m */ = {isa = PBXFileReference; fileEncoding = 4; lastKnownFileType = sourcecode.c.objc; path = WKView.m; sourceTree = "<group>"; };
		4E10CE3D20D014B000872F4B /* KFC.m */ = {isa = PBXFileReference; fileEncoding = 4; lastKnownFileType = sourcecode.c.objc; path = KFC.m; sourceTree = "<group>"; };
		4E10CE3E20D014B100872F4B /* KFC.h */ = {isa = PBXFileReference; fileEncoding = 4; lastKnownFileType = sourcecode.c.h; path = KFC.h; sourceTree = "<group>"; };
		4E10CE4120D014DB00872F4B /* kfc.plist */ = {isa = PBXFileReference; fileEncoding = 4; lastKnownFileType = text.plist.xml; path = kfc.plist; sourceTree = "<group>"; };
		4E10CE4720D1080700872F4B /* MWTapDetectingImageView.h */ = {isa = PBXFileReference; fileEncoding = 4; lastKnownFileType = sourcecode.c.h; path = MWTapDetectingImageView.h; sourceTree = "<group>"; };
		4E10CE4820D1080700872F4B /* MWPhoto.h */ = {isa = PBXFileReference; fileEncoding = 4; lastKnownFileType = sourcecode.c.h; path = MWPhoto.h; sourceTree = "<group>"; };
		4E10CE4920D1080700872F4B /* MWPhotoProtocol.h */ = {isa = PBXFileReference; fileEncoding = 4; lastKnownFileType = sourcecode.c.h; path = MWPhotoProtocol.h; sourceTree = "<group>"; };
		4E10CE4A20D1080700872F4B /* MWGridViewController.h */ = {isa = PBXFileReference; fileEncoding = 4; lastKnownFileType = sourcecode.c.h; path = MWGridViewController.h; sourceTree = "<group>"; };
		4E10CE4B20D1080700872F4B /* MWPhotoBrowser.m */ = {isa = PBXFileReference; fileEncoding = 4; lastKnownFileType = sourcecode.c.objc; path = MWPhotoBrowser.m; sourceTree = "<group>"; };
		4E10CE4C20D1080700872F4B /* MWCaptionView.m */ = {isa = PBXFileReference; fileEncoding = 4; lastKnownFileType = sourcecode.c.objc; path = MWCaptionView.m; sourceTree = "<group>"; };
		4E10CE4D20D1080700872F4B /* MWTapDetectingView.h */ = {isa = PBXFileReference; fileEncoding = 4; lastKnownFileType = sourcecode.c.h; path = MWTapDetectingView.h; sourceTree = "<group>"; };
		4E10CE4E20D1080700872F4B /* MWPhotoBrowserPrivate.h */ = {isa = PBXFileReference; fileEncoding = 4; lastKnownFileType = sourcecode.c.h; path = MWPhotoBrowserPrivate.h; sourceTree = "<group>"; };
		4E10CE4F20D1080700872F4B /* MWZoomingScrollView.m */ = {isa = PBXFileReference; fileEncoding = 4; lastKnownFileType = sourcecode.c.objc; path = MWZoomingScrollView.m; sourceTree = "<group>"; };
		4E10CE5020D1080700872F4B /* MWGridCell.h */ = {isa = PBXFileReference; fileEncoding = 4; lastKnownFileType = sourcecode.c.h; path = MWGridCell.h; sourceTree = "<group>"; };
		4E10CE5120D1080700872F4B /* MWTapDetectingImageView.m */ = {isa = PBXFileReference; fileEncoding = 4; lastKnownFileType = sourcecode.c.objc; path = MWTapDetectingImageView.m; sourceTree = "<group>"; };
		4E10CE5220D1080700872F4B /* MWPhoto.m */ = {isa = PBXFileReference; fileEncoding = 4; lastKnownFileType = sourcecode.c.objc; path = MWPhoto.m; sourceTree = "<group>"; };
		4E10CE5320D1080700872F4B /* MWTapDetectingView.m */ = {isa = PBXFileReference; fileEncoding = 4; lastKnownFileType = sourcecode.c.objc; path = MWTapDetectingView.m; sourceTree = "<group>"; };
		4E10CE5420D1080700872F4B /* MWCaptionView.h */ = {isa = PBXFileReference; fileEncoding = 4; lastKnownFileType = sourcecode.c.h; path = MWCaptionView.h; sourceTree = "<group>"; };
		4E10CE5520D1080700872F4B /* MWGridViewController.m */ = {isa = PBXFileReference; fileEncoding = 4; lastKnownFileType = sourcecode.c.objc; path = MWGridViewController.m; sourceTree = "<group>"; };
		4E10CE5620D1080700872F4B /* MWPhotoBrowser.h */ = {isa = PBXFileReference; fileEncoding = 4; lastKnownFileType = sourcecode.c.h; path = MWPhotoBrowser.h; sourceTree = "<group>"; };
		4E10CE5720D1080700872F4B /* MWCommon.h */ = {isa = PBXFileReference; fileEncoding = 4; lastKnownFileType = sourcecode.c.h; path = MWCommon.h; sourceTree = "<group>"; };
		4E10CE5820D1080800872F4B /* MWGridCell.m */ = {isa = PBXFileReference; fileEncoding = 4; lastKnownFileType = sourcecode.c.objc; path = MWGridCell.m; sourceTree = "<group>"; };
		4E10CE5920D1080800872F4B /* MWZoomingScrollView.h */ = {isa = PBXFileReference; fileEncoding = 4; lastKnownFileType = sourcecode.c.h; path = MWZoomingScrollView.h; sourceTree = "<group>"; };
		4E10CE5C20D1080800872F4B /* DACircularProgressView.m */ = {isa = PBXFileReference; fileEncoding = 4; lastKnownFileType = sourcecode.c.objc; path = DACircularProgressView.m; sourceTree = "<group>"; };
		4E10CE5D20D1080800872F4B /* DACircularProgressView.h */ = {isa = PBXFileReference; fileEncoding = 4; lastKnownFileType = sourcecode.c.h; path = DACircularProgressView.h; sourceTree = "<group>"; };
		4E10CE5F20D1080800872F4B /* PSTCollectionViewLayout+Internals.h */ = {isa = PBXFileReference; fileEncoding = 4; lastKnownFileType = sourcecode.c.h; path = "PSTCollectionViewLayout+Internals.h"; sourceTree = "<group>"; };
		4E10CE6020D1080800872F4B /* PSTCollectionViewItemKey.h */ = {isa = PBXFileReference; fileEncoding = 4; lastKnownFileType = sourcecode.c.h; path = PSTCollectionViewItemKey.h; sourceTree = "<group>"; };
		4E10CE6120D1080800872F4B /* PSTGridLayoutSection.h */ = {isa = PBXFileReference; fileEncoding = 4; lastKnownFileType = sourcecode.c.h; path = PSTGridLayoutSection.h; sourceTree = "<group>"; };
		4E10CE6220D1080800872F4B /* NSIndexPath+PSTCollectionViewAdditions.h */ = {isa = PBXFileReference; fileEncoding = 4; lastKnownFileType = sourcecode.c.h; path = "NSIndexPath+PSTCollectionViewAdditions.h"; sourceTree = "<group>"; };
		4E10CE6320D1080800872F4B /* PSTCollectionViewUpdateItem.h */ = {isa = PBXFileReference; fileEncoding = 4; lastKnownFileType = sourcecode.c.h; path = PSTCollectionViewUpdateItem.h; sourceTree = "<group>"; };
		4E10CE6420D1080800872F4B /* PSTCollectionViewController.m */ = {isa = PBXFileReference; fileEncoding = 4; lastKnownFileType = sourcecode.c.objc; path = PSTCollectionViewController.m; sourceTree = "<group>"; };
		4E10CE6520D1080800872F4B /* PSTGridLayoutRow.h */ = {isa = PBXFileReference; fileEncoding = 4; lastKnownFileType = sourcecode.c.h; path = PSTGridLayoutRow.h; sourceTree = "<group>"; };
		4E10CE6620D1080800872F4B /* PSTCollectionViewFlowLayout.m */ = {isa = PBXFileReference; fileEncoding = 4; lastKnownFileType = sourcecode.c.objc; path = PSTCollectionViewFlowLayout.m; sourceTree = "<group>"; };
		4E10CE6720D1080800872F4B /* PSTCollectionView.h */ = {isa = PBXFileReference; fileEncoding = 4; lastKnownFileType = sourcecode.c.h; path = PSTCollectionView.h; sourceTree = "<group>"; };
		4E10CE6820D1080800872F4B /* PSTCollectionViewCommon.h */ = {isa = PBXFileReference; fileEncoding = 4; lastKnownFileType = sourcecode.c.h; path = PSTCollectionViewCommon.h; sourceTree = "<group>"; };
		4E10CE6920D1080800872F4B /* PSTCollectionViewCell.m */ = {isa = PBXFileReference; fileEncoding = 4; lastKnownFileType = sourcecode.c.objc; path = PSTCollectionViewCell.m; sourceTree = "<group>"; };
		4E10CE6A20D1080800872F4B /* PSTCollectionViewLayout.h */ = {isa = PBXFileReference; fileEncoding = 4; lastKnownFileType = sourcecode.c.h; path = PSTCollectionViewLayout.h; sourceTree = "<group>"; };
		4E10CE6B20D1080800872F4B /* PSTGridLayoutItem.h */ = {isa = PBXFileReference; fileEncoding = 4; lastKnownFileType = sourcecode.c.h; path = PSTGridLayoutItem.h; sourceTree = "<group>"; };
		4E10CE6C20D1080800872F4B /* PSTGridLayoutInfo.m */ = {isa = PBXFileReference; fileEncoding = 4; lastKnownFileType = sourcecode.c.objc; path = PSTGridLayoutInfo.m; sourceTree = "<group>"; };
		4E10CE6D20D1080800872F4B /* PSTCollectionViewData.m */ = {isa = PBXFileReference; fileEncoding = 4; lastKnownFileType = sourcecode.c.objc; path = PSTCollectionViewData.m; sourceTree = "<group>"; };
		4E10CE6E20D1080800872F4B /* NSIndexPath+PSTCollectionViewAdditions.m */ = {isa = PBXFileReference; fileEncoding = 4; lastKnownFileType = sourcecode.c.objc; path = "NSIndexPath+PSTCollectionViewAdditions.m"; sourceTree = "<group>"; };
		4E10CE6F20D1080800872F4B /* PSTCollectionViewUpdateItem.m */ = {isa = PBXFileReference; fileEncoding = 4; lastKnownFileType = sourcecode.c.objc; path = PSTCollectionViewUpdateItem.m; sourceTree = "<group>"; };
		4E10CE7020D1080800872F4B /* PSTGridLayoutSection.m */ = {isa = PBXFileReference; fileEncoding = 4; lastKnownFileType = sourcecode.c.objc; path = PSTGridLayoutSection.m; sourceTree = "<group>"; };
		4E10CE7120D1080800872F4B /* PSTCollectionViewItemKey.m */ = {isa = PBXFileReference; fileEncoding = 4; lastKnownFileType = sourcecode.c.objc; path = PSTCollectionViewItemKey.m; sourceTree = "<group>"; };
		4E10CE7220D1080800872F4B /* PSTCollectionView.m */ = {isa = PBXFileReference; fileEncoding = 4; lastKnownFileType = sourcecode.c.objc; path = PSTCollectionView.m; sourceTree = "<group>"; };
		4E10CE7320D1080800872F4B /* PSTCollectionViewFlowLayout.h */ = {isa = PBXFileReference; fileEncoding = 4; lastKnownFileType = sourcecode.c.h; path = PSTCollectionViewFlowLayout.h; sourceTree = "<group>"; };
		4E10CE7420D1080800872F4B /* PSTGridLayoutRow.m */ = {isa = PBXFileReference; fileEncoding = 4; lastKnownFileType = sourcecode.c.objc; path = PSTGridLayoutRow.m; sourceTree = "<group>"; };
		4E10CE7520D1080800872F4B /* PSTCollectionViewController.h */ = {isa = PBXFileReference; fileEncoding = 4; lastKnownFileType = sourcecode.c.h; path = PSTCollectionViewController.h; sourceTree = "<group>"; };
		4E10CE7620D1080800872F4B /* PSTCollectionViewData.h */ = {isa = PBXFileReference; fileEncoding = 4; lastKnownFileType = sourcecode.c.h; path = PSTCollectionViewData.h; sourceTree = "<group>"; };
		4E10CE7720D1080800872F4B /* PSTGridLayoutInfo.h */ = {isa = PBXFileReference; fileEncoding = 4; lastKnownFileType = sourcecode.c.h; path = PSTGridLayoutInfo.h; sourceTree = "<group>"; };
		4E10CE7820D1080800872F4B /* PSTCollectionViewLayout.m */ = {isa = PBXFileReference; fileEncoding = 4; lastKnownFileType = sourcecode.c.objc; path = PSTCollectionViewLayout.m; sourceTree = "<group>"; };
		4E10CE7920D1080800872F4B /* PSTGridLayoutItem.m */ = {isa = PBXFileReference; fileEncoding = 4; lastKnownFileType = sourcecode.c.objc; path = PSTGridLayoutItem.m; sourceTree = "<group>"; };
		4E10CE7A20D1080800872F4B /* PSTCollectionViewCell.h */ = {isa = PBXFileReference; fileEncoding = 4; lastKnownFileType = sourcecode.c.h; path = PSTCollectionViewCell.h; sourceTree = "<group>"; };
		4E10CE7C20D1080800872F4B /* EMSDWebImageDownloader.m */ = {isa = PBXFileReference; fileEncoding = 4; lastKnownFileType = sourcecode.c.objc; path = EMSDWebImageDownloader.m; sourceTree = "<group>"; };
		4E10CE7D20D1080800872F4B /* NSData+EMImageContentType.m */ = {isa = PBXFileReference; fileEncoding = 4; lastKnownFileType = sourcecode.c.objc; path = "NSData+EMImageContentType.m"; sourceTree = "<group>"; };
		4E10CE7E20D1080800872F4B /* UIImage+EMGIF.h */ = {isa = PBXFileReference; fileEncoding = 4; lastKnownFileType = sourcecode.c.h; path = "UIImage+EMGIF.h"; sourceTree = "<group>"; };
		4E10CE7F20D1080800872F4B /* UIButton+EMWebCache.m */ = {isa = PBXFileReference; fileEncoding = 4; lastKnownFileType = sourcecode.c.objc; path = "UIButton+EMWebCache.m"; sourceTree = "<group>"; };
		4E10CE8020D1080800872F4B /* UIImage+EMWebP.h */ = {isa = PBXFileReference; fileEncoding = 4; lastKnownFileType = sourcecode.c.h; path = "UIImage+EMWebP.h"; sourceTree = "<group>"; };
		4E10CE8120D1080800872F4B /* UIImageView+EMHighlightedWebCache.h */ = {isa = PBXFileReference; fileEncoding = 4; lastKnownFileType = sourcecode.c.h; path = "UIImageView+EMHighlightedWebCache.h"; sourceTree = "<group>"; };
		4E10CE8220D1080800872F4B /* UIImage+EMMultiFormat.h */ = {isa = PBXFileReference; fileEncoding = 4; lastKnownFileType = sourcecode.c.h; path = "UIImage+EMMultiFormat.h"; sourceTree = "<group>"; };
		4E10CE8320D1080800872F4B /* EMSDWebImageCompat.h */ = {isa = PBXFileReference; fileEncoding = 4; lastKnownFileType = sourcecode.c.h; path = EMSDWebImageCompat.h; sourceTree = "<group>"; };
		4E10CE8420D1080800872F4B /* EMSDWebImagePrefetcher.m */ = {isa = PBXFileReference; fileEncoding = 4; lastKnownFileType = sourcecode.c.objc; path = EMSDWebImagePrefetcher.m; sourceTree = "<group>"; };
		4E10CE8520D1080800872F4B /* EMSDWebImageDownloaderOperation.h */ = {isa = PBXFileReference; fileEncoding = 4; lastKnownFileType = sourcecode.c.h; path = EMSDWebImageDownloaderOperation.h; sourceTree = "<group>"; };
		4E10CE8620D1080800872F4B /* MKAnnotationView+EMWebCache.m */ = {isa = PBXFileReference; fileEncoding = 4; lastKnownFileType = sourcecode.c.objc; path = "MKAnnotationView+EMWebCache.m"; sourceTree = "<group>"; };
		4E10CE8720D1080800872F4B /* UIView+EMWebCacheOperation.m */ = {isa = PBXFileReference; fileEncoding = 4; lastKnownFileType = sourcecode.c.objc; path = "UIView+EMWebCacheOperation.m"; sourceTree = "<group>"; };
		4E10CE8820D1080800872F4B /* EMSDImageCache.m */ = {isa = PBXFileReference; fileEncoding = 4; lastKnownFileType = sourcecode.c.objc; path = EMSDImageCache.m; sourceTree = "<group>"; };
		4E10CE8920D1080800872F4B /* EMSDWebImageDecoder.m */ = {isa = PBXFileReference; fileEncoding = 4; lastKnownFileType = sourcecode.c.objc; path = EMSDWebImageDecoder.m; sourceTree = "<group>"; };
		4E10CE8A20D1080800872F4B /* UIImageView+EMWebCache.m */ = {isa = PBXFileReference; fileEncoding = 4; lastKnownFileType = sourcecode.c.objc; path = "UIImageView+EMWebCache.m"; sourceTree = "<group>"; };
		4E10CE8B20D1080800872F4B /* EMSDWebImageManager.m */ = {isa = PBXFileReference; fileEncoding = 4; lastKnownFileType = sourcecode.c.objc; path = EMSDWebImageManager.m; sourceTree = "<group>"; };
		4E10CE8C20D1080800872F4B /* UIImage+EMWebP.m */ = {isa = PBXFileReference; fileEncoding = 4; lastKnownFileType = sourcecode.c.objc; path = "UIImage+EMWebP.m"; sourceTree = "<group>"; };
		4E10CE8D20D1080800872F4B /* UIButton+EMWebCache.h */ = {isa = PBXFileReference; fileEncoding = 4; lastKnownFileType = sourcecode.c.h; path = "UIButton+EMWebCache.h"; sourceTree = "<group>"; };
		4E10CE8E20D1080800872F4B /* NSData+EMImageContentType.h */ = {isa = PBXFileReference; fileEncoding = 4; lastKnownFileType = sourcecode.c.h; path = "NSData+EMImageContentType.h"; sourceTree = "<group>"; };
		4E10CE8F20D1080800872F4B /* UIImage+EMGIF.m */ = {isa = PBXFileReference; fileEncoding = 4; lastKnownFileType = sourcecode.c.objc; path = "UIImage+EMGIF.m"; sourceTree = "<group>"; };
		4E10CE9020D1080800872F4B /* EMSDWebImageDownloader.h */ = {isa = PBXFileReference; fileEncoding = 4; lastKnownFileType = sourcecode.c.h; path = EMSDWebImageDownloader.h; sourceTree = "<group>"; };
		4E10CE9120D1080800872F4B /* EMSDWebImagePrefetcher.h */ = {isa = PBXFileReference; fileEncoding = 4; lastKnownFileType = sourcecode.c.h; path = EMSDWebImagePrefetcher.h; sourceTree = "<group>"; };
		4E10CE9220D1080800872F4B /* EMSDWebImageDownloaderOperation.m */ = {isa = PBXFileReference; fileEncoding = 4; lastKnownFileType = sourcecode.c.objc; path = EMSDWebImageDownloaderOperation.m; sourceTree = "<group>"; };
		4E10CE9320D1080800872F4B /* EMSDWebImageCompat.m */ = {isa = PBXFileReference; fileEncoding = 4; lastKnownFileType = sourcecode.c.objc; path = EMSDWebImageCompat.m; sourceTree = "<group>"; };
		4E10CE9420D1080800872F4B /* UIImage+EMMultiFormat.m */ = {isa = PBXFileReference; fileEncoding = 4; lastKnownFileType = sourcecode.c.objc; path = "UIImage+EMMultiFormat.m"; sourceTree = "<group>"; };
		4E10CE9520D1080800872F4B /* UIImageView+EMHighlightedWebCache.m */ = {isa = PBXFileReference; fileEncoding = 4; lastKnownFileType = sourcecode.c.objc; path = "UIImageView+EMHighlightedWebCache.m"; sourceTree = "<group>"; };
		4E10CE9620D1080800872F4B /* EMSDImageCache.h */ = {isa = PBXFileReference; fileEncoding = 4; lastKnownFileType = sourcecode.c.h; path = EMSDImageCache.h; sourceTree = "<group>"; };
		4E10CE9720D1080800872F4B /* UIView+EMWebCacheOperation.h */ = {isa = PBXFileReference; fileEncoding = 4; lastKnownFileType = sourcecode.c.h; path = "UIView+EMWebCacheOperation.h"; sourceTree = "<group>"; };
		4E10CE9820D1080800872F4B /* MKAnnotationView+EMWebCache.h */ = {isa = PBXFileReference; fileEncoding = 4; lastKnownFileType = sourcecode.c.h; path = "MKAnnotationView+EMWebCache.h"; sourceTree = "<group>"; };
		4E10CE9920D1080800872F4B /* EMSDWebImageManager.h */ = {isa = PBXFileReference; fileEncoding = 4; lastKnownFileType = sourcecode.c.h; path = EMSDWebImageManager.h; sourceTree = "<group>"; };
		4E10CE9A20D1080800872F4B /* UIImageView+EMWebCache.h */ = {isa = PBXFileReference; fileEncoding = 4; lastKnownFileType = sourcecode.c.h; path = "UIImageView+EMWebCache.h"; sourceTree = "<group>"; };
		4E10CE9B20D1080800872F4B /* EMSDWebImageOperation.h */ = {isa = PBXFileReference; fileEncoding = 4; lastKnownFileType = sourcecode.c.h; path = EMSDWebImageOperation.h; sourceTree = "<group>"; };
		4E10CE9C20D1080800872F4B /* EMSDWebImageDecoder.h */ = {isa = PBXFileReference; fileEncoding = 4; lastKnownFileType = sourcecode.c.h; path = EMSDWebImageDecoder.h; sourceTree = "<group>"; };
		4E10CE9D20D1080800872F4B /* MWPhotoBrowser.bundle */ = {isa = PBXFileReference; lastKnownFileType = "wrapper.plug-in"; path = MWPhotoBrowser.bundle; sourceTree = "<group>"; };
		4E10CEC520D1168F00872F4B /* ContentModel.h */ = {isa = PBXFileReference; lastKnownFileType = sourcecode.c.h; path = ContentModel.h; sourceTree = "<group>"; };
		4E10CEC620D1168F00872F4B /* ContentModel.m */ = {isa = PBXFileReference; lastKnownFileType = sourcecode.c.objc; path = ContentModel.m; sourceTree = "<group>"; };
		6256546CC9897E9402507505 /* Pods-ReactiveCocoa_Use.release.xcconfig */ = {isa = PBXFileReference; includeInIndex = 1; lastKnownFileType = text.xcconfig; name = "Pods-ReactiveCocoa_Use.release.xcconfig"; path = "Pods/Target Support Files/Pods-ReactiveCocoa_Use/Pods-ReactiveCocoa_Use.release.xcconfig"; sourceTree = "<group>"; };
		B985F87D03CE3D0C29EF4989 /* libPods-ReactiveCocoa_Use.a */ = {isa = PBXFileReference; explicitFileType = archive.ar; includeInIndex = 0; path = "libPods-ReactiveCocoa_Use.a"; sourceTree = BUILT_PRODUCTS_DIR; };
		F8C2268082B1F1733E0F21A2 /* Pods-ReactiveCocoa_Use.debug.xcconfig */ = {isa = PBXFileReference; includeInIndex = 1; lastKnownFileType = text.xcconfig; name = "Pods-ReactiveCocoa_Use.debug.xcconfig"; path = "Pods/Target Support Files/Pods-ReactiveCocoa_Use/Pods-ReactiveCocoa_Use.debug.xcconfig"; sourceTree = "<group>"; };
/* End PBXFileReference section */

/* Begin PBXFrameworksBuildPhase section */
		4E10CE1A20D00A9F00872F4B /* Frameworks */ = {
			isa = PBXFrameworksBuildPhase;
			buildActionMask = 2147483647;
			files = (
				40B5895011D512F93F92DA3A /* libPods-ReactiveCocoa_Use.a in Frameworks */,
			);
			runOnlyForDeploymentPostprocessing = 0;
		};
/* End PBXFrameworksBuildPhase section */

/* Begin PBXGroup section */
		4E10CE1420D00A9F00872F4B = {
			isa = PBXGroup;
			children = (
				4E10CE4520D1080700872F4B /* MWPhotoBrowser */,
				4E10CE1F20D00A9F00872F4B /* ReactiveCocoa_Use */,
				4E10CE1E20D00A9F00872F4B /* Products */,
				6500C51C9AB014D7FE7E2D90 /* Pods */,
				C3E34D4A0557A68F32D38A2E /* Frameworks */,
			);
			sourceTree = "<group>";
		};
		4E10CE1E20D00A9F00872F4B /* Products */ = {
			isa = PBXGroup;
			children = (
				4E10CE1D20D00A9F00872F4B /* ReactiveCocoa_Use.app */,
			);
			name = Products;
			sourceTree = "<group>";
		};
		4E10CE1F20D00A9F00872F4B /* ReactiveCocoa_Use */ = {
			isa = PBXGroup;
			children = (
				4E10CE2020D00A9F00872F4B /* AppDelegate.h */,
				4E10CE2120D00A9F00872F4B /* AppDelegate.m */,
				4E10CE2320D00A9F00872F4B /* ViewController.h */,
				4E10CE2420D00A9F00872F4B /* ViewController.m */,
				4E10CE3820D00DF600872F4B /* RACViewController.h */,
				4E10CE3920D00DF600872F4B /* RACViewController.m */,
				4E10CEC520D1168F00872F4B /* ContentModel.h */,
				4E10CEC620D1168F00872F4B /* ContentModel.m */,
				4E10CE3E20D014B100872F4B /* KFC.h */,
				4E10CE3D20D014B000872F4B /* KFC.m */,
				4E10CE4120D014DB00872F4B /* kfc.plist */,
				4E10CE3B20D014B000872F4B /* WKView.h */,
				4E10CE3C20D014B000872F4B /* WKView.m */,
				4E10CE2620D00A9F00872F4B /* Main.storyboard */,
				4E10CE2920D00AA000872F4B /* Assets.xcassets */,
				4E10CE2B20D00AA000872F4B /* LaunchScreen.storyboard */,
				4E10CE2E20D00AA000872F4B /* Info.plist */,
				4E10CE2F20D00AA000872F4B /* main.m */,
				4E10CE3720D00BA000872F4B /* PrefixHeader.pch */,
			);
			path = ReactiveCocoa_Use;
			sourceTree = "<group>";
		};
		4E10CE4520D1080700872F4B /* MWPhotoBrowser */ = {
			isa = PBXGroup;
			children = (
				4E10CE4620D1080700872F4B /* Classes */,
				4E10CE5A20D1080800872F4B /* Libraries */,
				4E10CE9D20D1080800872F4B /* MWPhotoBrowser.bundle */,
			);
			name = MWPhotoBrowser;
			path = ReactiveCocoa_Use/MWPhotoBrowser;
			sourceTree = "<group>";
		};
		4E10CE4620D1080700872F4B /* Classes */ = {
			isa = PBXGroup;
			children = (
				4E10CE4720D1080700872F4B /* MWTapDetectingImageView.h */,
				4E10CE4820D1080700872F4B /* MWPhoto.h */,
				4E10CE4920D1080700872F4B /* MWPhotoProtocol.h */,
				4E10CE4A20D1080700872F4B /* MWGridViewController.h */,
				4E10CE4B20D1080700872F4B /* MWPhotoBrowser.m */,
				4E10CE4C20D1080700872F4B /* MWCaptionView.m */,
				4E10CE4D20D1080700872F4B /* MWTapDetectingView.h */,
				4E10CE4E20D1080700872F4B /* MWPhotoBrowserPrivate.h */,
				4E10CE4F20D1080700872F4B /* MWZoomingScrollView.m */,
				4E10CE5020D1080700872F4B /* MWGridCell.h */,
				4E10CE5120D1080700872F4B /* MWTapDetectingImageView.m */,
				4E10CE5220D1080700872F4B /* MWPhoto.m */,
				4E10CE5320D1080700872F4B /* MWTapDetectingView.m */,
				4E10CE5420D1080700872F4B /* MWCaptionView.h */,
				4E10CE5520D1080700872F4B /* MWGridViewController.m */,
				4E10CE5620D1080700872F4B /* MWPhotoBrowser.h */,
				4E10CE5720D1080700872F4B /* MWCommon.h */,
				4E10CE5820D1080800872F4B /* MWGridCell.m */,
				4E10CE5920D1080800872F4B /* MWZoomingScrollView.h */,
			);
			path = Classes;
			sourceTree = "<group>";
		};
		4E10CE5A20D1080800872F4B /* Libraries */ = {
			isa = PBXGroup;
			children = (
				4E10CE5B20D1080800872F4B /* DACircularProgress */,
				4E10CE5E20D1080800872F4B /* PSTCollectionView */,
				4E10CE7B20D1080800872F4B /* EMSDWebImage */,
			);
			path = Libraries;
			sourceTree = "<group>";
		};
		4E10CE5B20D1080800872F4B /* DACircularProgress */ = {
			isa = PBXGroup;
			children = (
				4E10CE5C20D1080800872F4B /* DACircularProgressView.m */,
				4E10CE5D20D1080800872F4B /* DACircularProgressView.h */,
			);
			path = DACircularProgress;
			sourceTree = "<group>";
		};
		4E10CE5E20D1080800872F4B /* PSTCollectionView */ = {
			isa = PBXGroup;
			children = (
				4E10CE5F20D1080800872F4B /* PSTCollectionViewLayout+Internals.h */,
				4E10CE6020D1080800872F4B /* PSTCollectionViewItemKey.h */,
				4E10CE6120D1080800872F4B /* PSTGridLayoutSection.h */,
				4E10CE6220D1080800872F4B /* NSIndexPath+PSTCollectionViewAdditions.h */,
				4E10CE6320D1080800872F4B /* PSTCollectionViewUpdateItem.h */,
				4E10CE6420D1080800872F4B /* PSTCollectionViewController.m */,
				4E10CE6520D1080800872F4B /* PSTGridLayoutRow.h */,
				4E10CE6620D1080800872F4B /* PSTCollectionViewFlowLayout.m */,
				4E10CE6720D1080800872F4B /* PSTCollectionView.h */,
				4E10CE6820D1080800872F4B /* PSTCollectionViewCommon.h */,
				4E10CE6920D1080800872F4B /* PSTCollectionViewCell.m */,
				4E10CE6A20D1080800872F4B /* PSTCollectionViewLayout.h */,
				4E10CE6B20D1080800872F4B /* PSTGridLayoutItem.h */,
				4E10CE6C20D1080800872F4B /* PSTGridLayoutInfo.m */,
				4E10CE6D20D1080800872F4B /* PSTCollectionViewData.m */,
				4E10CE6E20D1080800872F4B /* NSIndexPath+PSTCollectionViewAdditions.m */,
				4E10CE6F20D1080800872F4B /* PSTCollectionViewUpdateItem.m */,
				4E10CE7020D1080800872F4B /* PSTGridLayoutSection.m */,
				4E10CE7120D1080800872F4B /* PSTCollectionViewItemKey.m */,
				4E10CE7220D1080800872F4B /* PSTCollectionView.m */,
				4E10CE7320D1080800872F4B /* PSTCollectionViewFlowLayout.h */,
				4E10CE7420D1080800872F4B /* PSTGridLayoutRow.m */,
				4E10CE7520D1080800872F4B /* PSTCollectionViewController.h */,
				4E10CE7620D1080800872F4B /* PSTCollectionViewData.h */,
				4E10CE7720D1080800872F4B /* PSTGridLayoutInfo.h */,
				4E10CE7820D1080800872F4B /* PSTCollectionViewLayout.m */,
				4E10CE7920D1080800872F4B /* PSTGridLayoutItem.m */,
				4E10CE7A20D1080800872F4B /* PSTCollectionViewCell.h */,
			);
			path = PSTCollectionView;
			sourceTree = "<group>";
		};
		4E10CE7B20D1080800872F4B /* EMSDWebImage */ = {
			isa = PBXGroup;
			children = (
				4E10CE7C20D1080800872F4B /* EMSDWebImageDownloader.m */,
				4E10CE7D20D1080800872F4B /* NSData+EMImageContentType.m */,
				4E10CE7E20D1080800872F4B /* UIImage+EMGIF.h */,
				4E10CE7F20D1080800872F4B /* UIButton+EMWebCache.m */,
				4E10CE8020D1080800872F4B /* UIImage+EMWebP.h */,
				4E10CE8120D1080800872F4B /* UIImageView+EMHighlightedWebCache.h */,
				4E10CE8220D1080800872F4B /* UIImage+EMMultiFormat.h */,
				4E10CE8320D1080800872F4B /* EMSDWebImageCompat.h */,
				4E10CE8420D1080800872F4B /* EMSDWebImagePrefetcher.m */,
				4E10CE8520D1080800872F4B /* EMSDWebImageDownloaderOperation.h */,
				4E10CE8620D1080800872F4B /* MKAnnotationView+EMWebCache.m */,
				4E10CE8720D1080800872F4B /* UIView+EMWebCacheOperation.m */,
				4E10CE8820D1080800872F4B /* EMSDImageCache.m */,
				4E10CE8920D1080800872F4B /* EMSDWebImageDecoder.m */,
				4E10CE8A20D1080800872F4B /* UIImageView+EMWebCache.m */,
				4E10CE8B20D1080800872F4B /* EMSDWebImageManager.m */,
				4E10CE8C20D1080800872F4B /* UIImage+EMWebP.m */,
				4E10CE8D20D1080800872F4B /* UIButton+EMWebCache.h */,
				4E10CE8E20D1080800872F4B /* NSData+EMImageContentType.h */,
				4E10CE8F20D1080800872F4B /* UIImage+EMGIF.m */,
				4E10CE9020D1080800872F4B /* EMSDWebImageDownloader.h */,
				4E10CE9120D1080800872F4B /* EMSDWebImagePrefetcher.h */,
				4E10CE9220D1080800872F4B /* EMSDWebImageDownloaderOperation.m */,
				4E10CE9320D1080800872F4B /* EMSDWebImageCompat.m */,
				4E10CE9420D1080800872F4B /* UIImage+EMMultiFormat.m */,
				4E10CE9520D1080800872F4B /* UIImageView+EMHighlightedWebCache.m */,
				4E10CE9620D1080800872F4B /* EMSDImageCache.h */,
				4E10CE9720D1080800872F4B /* UIView+EMWebCacheOperation.h */,
				4E10CE9820D1080800872F4B /* MKAnnotationView+EMWebCache.h */,
				4E10CE9920D1080800872F4B /* EMSDWebImageManager.h */,
				4E10CE9A20D1080800872F4B /* UIImageView+EMWebCache.h */,
				4E10CE9B20D1080800872F4B /* EMSDWebImageOperation.h */,
				4E10CE9C20D1080800872F4B /* EMSDWebImageDecoder.h */,
			);
			path = EMSDWebImage;
			sourceTree = "<group>";
		};
		6500C51C9AB014D7FE7E2D90 /* Pods */ = {
			isa = PBXGroup;
			children = (
				F8C2268082B1F1733E0F21A2 /* Pods-ReactiveCocoa_Use.debug.xcconfig */,
				6256546CC9897E9402507505 /* Pods-ReactiveCocoa_Use.release.xcconfig */,
			);
			name = Pods;
			sourceTree = "<group>";
		};
		C3E34D4A0557A68F32D38A2E /* Frameworks */ = {
			isa = PBXGroup;
			children = (
				B985F87D03CE3D0C29EF4989 /* libPods-ReactiveCocoa_Use.a */,
			);
			name = Frameworks;
			sourceTree = "<group>";
		};
/* End PBXGroup section */

/* Begin PBXNativeTarget section */
		4E10CE1C20D00A9F00872F4B /* ReactiveCocoa_Use */ = {
			isa = PBXNativeTarget;
			buildConfigurationList = 4E10CE3320D00AA000872F4B /* Build configuration list for PBXNativeTarget "ReactiveCocoa_Use" */;
			buildPhases = (
				3DDDF3BA03E0C99DC09C1B55 /* [CP] Check Pods Manifest.lock */,
				4E10CE1920D00A9F00872F4B /* Sources */,
				4E10CE1A20D00A9F00872F4B /* Frameworks */,
				4E10CE1B20D00A9F00872F4B /* Resources */,
			);
			buildRules = (
			);
			dependencies = (
			);
			name = ReactiveCocoa_Use;
			productName = ReactiveCocoa_Use;
			productReference = 4E10CE1D20D00A9F00872F4B /* ReactiveCocoa_Use.app */;
			productType = "com.apple.product-type.application";
		};
/* End PBXNativeTarget section */

/* Begin PBXProject section */
		4E10CE1520D00A9F00872F4B /* Project object */ = {
			isa = PBXProject;
			attributes = {
				LastUpgradeCheck = 0940;
				ORGANIZATIONNAME = koala;
				TargetAttributes = {
					4E10CE1C20D00A9F00872F4B = {
						CreatedOnToolsVersion = 9.4;
					};
				};
			};
			buildConfigurationList = 4E10CE1820D00A9F00872F4B /* Build configuration list for PBXProject "ReactiveCocoa_Use" */;
			compatibilityVersion = "Xcode 9.3";
			developmentRegion = en;
			hasScannedForEncodings = 0;
			knownRegions = (
				en,
				Base,
			);
			mainGroup = 4E10CE1420D00A9F00872F4B;
			productRefGroup = 4E10CE1E20D00A9F00872F4B /* Products */;
			projectDirPath = "";
			projectRoot = "";
			targets = (
				4E10CE1C20D00A9F00872F4B /* ReactiveCocoa_Use */,
			);
		};
/* End PBXProject section */

/* Begin PBXResourcesBuildPhase section */
		4E10CE1B20D00A9F00872F4B /* Resources */ = {
			isa = PBXResourcesBuildPhase;
			buildActionMask = 2147483647;
			files = (
				4E10CE2D20D00AA000872F4B /* LaunchScreen.storyboard in Resources */,
				4E10CE2A20D00AA000872F4B /* Assets.xcassets in Resources */,
				4E10CE2820D00A9F00872F4B /* Main.storyboard in Resources */,
				4E10CE4220D014DC00872F4B /* kfc.plist in Resources */,
				4E10CEC420D1080800872F4B /* MWPhotoBrowser.bundle in Resources */,
			);
			runOnlyForDeploymentPostprocessing = 0;
		};
/* End PBXResourcesBuildPhase section */

/* Begin PBXShellScriptBuildPhase section */
		3DDDF3BA03E0C99DC09C1B55 /* [CP] Check Pods Manifest.lock */ = {
			isa = PBXShellScriptBuildPhase;
			buildActionMask = 2147483647;
			files = (
			);
			inputPaths = (
				"${PODS_PODFILE_DIR_PATH}/Podfile.lock",
				"${PODS_ROOT}/Manifest.lock",
			);
			name = "[CP] Check Pods Manifest.lock";
			outputPaths = (
				"$(DERIVED_FILE_DIR)/Pods-ReactiveCocoa_Use-checkManifestLockResult.txt",
			);
			runOnlyForDeploymentPostprocessing = 0;
			shellPath = /bin/sh;
			shellScript = "diff \"${PODS_PODFILE_DIR_PATH}/Podfile.lock\" \"${PODS_ROOT}/Manifest.lock\" > /dev/null\nif [ $? != 0 ] ; then\n    # print error to STDERR\n    echo \"error: The sandbox is not in sync with the Podfile.lock. Run 'pod install' or update your CocoaPods installation.\" >&2\n    exit 1\nfi\n# This output is used by Xcode 'outputs' to avoid re-running this script phase.\necho \"SUCCESS\" > \"${SCRIPT_OUTPUT_FILE_0}\"\n";
			showEnvVarsInLog = 0;
		};
/* End PBXShellScriptBuildPhase section */

/* Begin PBXSourcesBuildPhase section */
		4E10CE1920D00A9F00872F4B /* Sources */ = {
			isa = PBXSourcesBuildPhase;
			buildActionMask = 2147483647;
			files = (
				4E10CEB320D1080800872F4B /* PSTGridLayoutItem.m in Sources */,
				4E10CEA920D1080800872F4B /* PSTCollectionViewCell.m in Sources */,
				4E10CEA820D1080800872F4B /* PSTCollectionViewFlowLayout.m in Sources */,
				4E10CEBD20D1080800872F4B /* EMSDWebImageManager.m in Sources */,
				4E10CEBE20D1080800872F4B /* UIImage+EMWebP.m in Sources */,
				4E10CE4020D014B100872F4B /* KFC.m in Sources */,
				4E10CEBB20D1080800872F4B /* EMSDWebImageDecoder.m in Sources */,
				4E10CEBC20D1080800872F4B /* UIImageView+EMWebCache.m in Sources */,
				4E10CEAF20D1080800872F4B /* PSTCollectionViewItemKey.m in Sources */,
				4E10CEB720D1080800872F4B /* EMSDWebImagePrefetcher.m in Sources */,
				4E10CEC720D1168F00872F4B /* ContentModel.m in Sources */,
				4E10CEAE20D1080800872F4B /* PSTGridLayoutSection.m in Sources */,
				4E10CEBA20D1080800872F4B /* EMSDImageCache.m in Sources */,
				4E10CEB220D1080800872F4B /* PSTCollectionViewLayout.m in Sources */,
				4E10CEA520D1080800872F4B /* MWGridCell.m in Sources */,
				4E10CEBF20D1080800872F4B /* UIImage+EMGIF.m in Sources */,
				4E10CEAD20D1080800872F4B /* PSTCollectionViewUpdateItem.m in Sources */,
				4E10CEB420D1080800872F4B /* EMSDWebImageDownloader.m in Sources */,
				4E10CE2520D00A9F00872F4B /* ViewController.m in Sources */,
				4E10CEA320D1080800872F4B /* MWTapDetectingView.m in Sources */,
				4E10CE3020D00AA000872F4B /* main.m in Sources */,
				4E10CEC020D1080800872F4B /* EMSDWebImageDownloaderOperation.m in Sources */,
				4E10CEA020D1080800872F4B /* MWZoomingScrollView.m in Sources */,
				4E10CEC320D1080800872F4B /* UIImageView+EMHighlightedWebCache.m in Sources */,
				4E10CEB020D1080800872F4B /* PSTCollectionView.m in Sources */,
				4E10CEB120D1080800872F4B /* PSTGridLayoutRow.m in Sources */,
				4E10CEA220D1080800872F4B /* MWPhoto.m in Sources */,
				4E10CE2220D00A9F00872F4B /* AppDelegate.m in Sources */,
				4E10CE3A20D00DF600872F4B /* RACViewController.m in Sources */,
				4E10CEC220D1080800872F4B /* UIImage+EMMultiFormat.m in Sources */,
				4E10CE3F20D014B100872F4B /* WKView.m in Sources */,
				4E10CEB520D1080800872F4B /* NSData+EMImageContentType.m in Sources */,
				4E10CEA720D1080800872F4B /* PSTCollectionViewController.m in Sources */,
				4E10CEA620D1080800872F4B /* DACircularProgressView.m in Sources */,
				4E10CE9E20D1080800872F4B /* MWPhotoBrowser.m in Sources */,
				4E10CEA420D1080800872F4B /* MWGridViewController.m in Sources */,
				4E10CEA120D1080800872F4B /* MWTapDetectingImageView.m in Sources */,
				4E10CEB620D1080800872F4B /* UIButton+EMWebCache.m in Sources */,
				4E10CEAA20D1080800872F4B /* PSTGridLayoutInfo.m in Sources */,
				4E10CEAB20D1080800872F4B /* PSTCollectionViewData.m in Sources */,
				4E10CEC120D1080800872F4B /* EMSDWebImageCompat.m in Sources */,
				4E10CE9F20D1080800872F4B /* MWCaptionView.m in Sources */,
				4E10CEAC20D1080800872F4B /* NSIndexPath+PSTCollectionViewAdditions.m in Sources */,
				4E10CEB920D1080800872F4B /* UIView+EMWebCacheOperation.m in Sources */,
				4E10CEB820D1080800872F4B /* MKAnnotationView+EMWebCache.m in Sources */,
			);
			runOnlyForDeploymentPostprocessing = 0;
		};
/* End PBXSourcesBuildPhase section */

/* Begin PBXVariantGroup section */
		4E10CE2620D00A9F00872F4B /* Main.storyboard */ = {
			isa = PBXVariantGroup;
			children = (
				4E10CE2720D00A9F00872F4B /* Base */,
			);
			name = Main.storyboard;
			sourceTree = "<group>";
		};
		4E10CE2B20D00AA000872F4B /* LaunchScreen.storyboard */ = {
			isa = PBXVariantGroup;
			children = (
				4E10CE2C20D00AA000872F4B /* Base */,
			);
			name = LaunchScreen.storyboard;
			sourceTree = "<group>";
		};
/* End PBXVariantGroup section */

/* Begin XCBuildConfiguration section */
		4E10CE3120D00AA000872F4B /* Debug */ = {
			isa = XCBuildConfiguration;
			buildSettings = {
				ALWAYS_SEARCH_USER_PATHS = NO;
				CLANG_ANALYZER_NONNULL = YES;
				CLANG_ANALYZER_NUMBER_OBJECT_CONVERSION = YES_AGGRESSIVE;
				CLANG_CXX_LANGUAGE_STANDARD = "gnu++14";
				CLANG_CXX_LIBRARY = "libc++";
				CLANG_ENABLE_MODULES = YES;
				CLANG_ENABLE_OBJC_ARC = YES;
				CLANG_ENABLE_OBJC_WEAK = YES;
				CLANG_WARN_BLOCK_CAPTURE_AUTORELEASING = YES;
				CLANG_WARN_BOOL_CONVERSION = YES;
				CLANG_WARN_COMMA = YES;
				CLANG_WARN_CONSTANT_CONVERSION = YES;
				CLANG_WARN_DEPRECATED_OBJC_IMPLEMENTATIONS = YES;
				CLANG_WARN_DIRECT_OBJC_ISA_USAGE = YES_ERROR;
				CLANG_WARN_DOCUMENTATION_COMMENTS = YES;
				CLANG_WARN_EMPTY_BODY = YES;
				CLANG_WARN_ENUM_CONVERSION = YES;
				CLANG_WARN_INFINITE_RECURSION = YES;
				CLANG_WARN_INT_CONVERSION = YES;
				CLANG_WARN_NON_LITERAL_NULL_CONVERSION = YES;
				CLANG_WARN_OBJC_IMPLICIT_RETAIN_SELF = YES;
				CLANG_WARN_OBJC_LITERAL_CONVERSION = YES;
				CLANG_WARN_OBJC_ROOT_CLASS = YES_ERROR;
				CLANG_WARN_RANGE_LOOP_ANALYSIS = YES;
				CLANG_WARN_STRICT_PROTOTYPES = YES;
				CLANG_WARN_SUSPICIOUS_MOVE = YES;
				CLANG_WARN_UNGUARDED_AVAILABILITY = YES_AGGRESSIVE;
				CLANG_WARN_UNREACHABLE_CODE = YES;
				CLANG_WARN__DUPLICATE_METHOD_MATCH = YES;
				CODE_SIGN_IDENTITY = "iPhone Developer";
				COPY_PHASE_STRIP = NO;
				DEBUG_INFORMATION_FORMAT = dwarf;
				ENABLE_STRICT_OBJC_MSGSEND = YES;
				ENABLE_TESTABILITY = YES;
				GCC_C_LANGUAGE_STANDARD = gnu11;
				GCC_DYNAMIC_NO_PIC = NO;
				GCC_NO_COMMON_BLOCKS = YES;
				GCC_OPTIMIZATION_LEVEL = 0;
				GCC_PREPROCESSOR_DEFINITIONS = (
					"DEBUG=1",
					"$(inherited)",
				);
				GCC_WARN_64_TO_32_BIT_CONVERSION = YES;
				GCC_WARN_ABOUT_RETURN_TYPE = YES_ERROR;
				GCC_WARN_UNDECLARED_SELECTOR = YES;
				GCC_WARN_UNINITIALIZED_AUTOS = YES_AGGRESSIVE;
				GCC_WARN_UNUSED_FUNCTION = YES;
				GCC_WARN_UNUSED_VARIABLE = YES;
				IPHONEOS_DEPLOYMENT_TARGET = 11.4;
				MTL_ENABLE_DEBUG_INFO = YES;
				ONLY_ACTIVE_ARCH = YES;
				SDKROOT = iphoneos;
			};
			name = Debug;
		};
		4E10CE3220D00AA000872F4B /* Release */ = {
			isa = XCBuildConfiguration;
			buildSettings = {
				ALWAYS_SEARCH_USER_PATHS = NO;
				CLANG_ANALYZER_NONNULL = YES;
				CLANG_ANALYZER_NUMBER_OBJECT_CONVERSION = YES_AGGRESSIVE;
				CLANG_CXX_LANGUAGE_STANDARD = "gnu++14";
				CLANG_CXX_LIBRARY = "libc++";
				CLANG_ENABLE_MODULES = YES;
				CLANG_ENABLE_OBJC_ARC = YES;
				CLANG_ENABLE_OBJC_WEAK = YES;
				CLANG_WARN_BLOCK_CAPTURE_AUTORELEASING = YES;
				CLANG_WARN_BOOL_CONVERSION = YES;
				CLANG_WARN_COMMA = YES;
				CLANG_WARN_CONSTANT_CONVERSION = YES;
				CLANG_WARN_DEPRECATED_OBJC_IMPLEMENTATIONS = YES;
				CLANG_WARN_DIRECT_OBJC_ISA_USAGE = YES_ERROR;
				CLANG_WARN_DOCUMENTATION_COMMENTS = YES;
				CLANG_WARN_EMPTY_BODY = YES;
				CLANG_WARN_ENUM_CONVERSION = YES;
				CLANG_WARN_INFINITE_RECURSION = YES;
				CLANG_WARN_INT_CONVERSION = YES;
				CLANG_WARN_NON_LITERAL_NULL_CONVERSION = YES;
				CLANG_WARN_OBJC_IMPLICIT_RETAIN_SELF = YES;
				CLANG_WARN_OBJC_LITERAL_CONVERSION = YES;
				CLANG_WARN_OBJC_ROOT_CLASS = YES_ERROR;
				CLANG_WARN_RANGE_LOOP_ANALYSIS = YES;
				CLANG_WARN_STRICT_PROTOTYPES = YES;
				CLANG_WARN_SUSPICIOUS_MOVE = YES;
				CLANG_WARN_UNGUARDED_AVAILABILITY = YES_AGGRESSIVE;
				CLANG_WARN_UNREACHABLE_CODE = YES;
				CLANG_WARN__DUPLICATE_METHOD_MATCH = YES;
				CODE_SIGN_IDENTITY = "iPhone Developer";
				COPY_PHASE_STRIP = NO;
				DEBUG_INFORMATION_FORMAT = "dwarf-with-dsym";
				ENABLE_NS_ASSERTIONS = NO;
				ENABLE_STRICT_OBJC_MSGSEND = YES;
				GCC_C_LANGUAGE_STANDARD = gnu11;
				GCC_NO_COMMON_BLOCKS = YES;
				GCC_WARN_64_TO_32_BIT_CONVERSION = YES;
				GCC_WARN_ABOUT_RETURN_TYPE = YES_ERROR;
				GCC_WARN_UNDECLARED_SELECTOR = YES;
				GCC_WARN_UNINITIALIZED_AUTOS = YES_AGGRESSIVE;
				GCC_WARN_UNUSED_FUNCTION = YES;
				GCC_WARN_UNUSED_VARIABLE = YES;
				IPHONEOS_DEPLOYMENT_TARGET = 11.4;
				MTL_ENABLE_DEBUG_INFO = NO;
				SDKROOT = iphoneos;
				VALIDATE_PRODUCT = YES;
			};
			name = Release;
		};
		4E10CE3420D00AA000872F4B /* Debug */ = {
			isa = XCBuildConfiguration;
			baseConfigurationReference = F8C2268082B1F1733E0F21A2 /* Pods-ReactiveCocoa_Use.debug.xcconfig */;
			buildSettings = {
				ASSETCATALOG_COMPILER_APPICON_NAME = AppIcon;
				CODE_SIGN_STYLE = Automatic;
				DEVELOPMENT_TEAM = 5L8RA2E3VD;
				GCC_PREFIX_HEADER = "$(SRCROOT)/ReactiveCocoa_Use/PrefixHeader.pch";
				INFOPLIST_FILE = ReactiveCocoa_Use/Info.plist;
				IPHONEOS_DEPLOYMENT_TARGET = 8.0;
				LD_RUNPATH_SEARCH_PATHS = (
					"$(inherited)",
					"@executable_path/Frameworks",
				);
				PRODUCT_BUNDLE_IDENTIFIER = "com.xiaolu.danche.ReactiveCocoa-Use";
				PRODUCT_NAME = "$(TARGET_NAME)";
				TARGETED_DEVICE_FAMILY = "1,2";
			};
			name = Debug;
		};
		4E10CE3520D00AA000872F4B /* Release */ = {
			isa = XCBuildConfiguration;
			baseConfigurationReference = 6256546CC9897E9402507505 /* Pods-ReactiveCocoa_Use.release.xcconfig */;
			buildSettings = {
				ASSETCATALOG_COMPILER_APPICON_NAME = AppIcon;
				CODE_SIGN_STYLE = Automatic;
				DEVELOPMENT_TEAM = 5L8RA2E3VD;
				GCC_PREFIX_HEADER = "$(SRCROOT)/ReactiveCocoa_Use/PrefixHeader.pch";
				INFOPLIST_FILE = ReactiveCocoa_Use/Info.plist;
				IPHONEOS_DEPLOYMENT_TARGET = 8.0;
				LD_RUNPATH_SEARCH_PATHS = (
					"$(inherited)",
					"@executable_path/Frameworks",
				);
				PRODUCT_BUNDLE_IDENTIFIER = "com.xiaolu.danche.ReactiveCocoa-Use";
				PRODUCT_NAME = "$(TARGET_NAME)";
				TARGETED_DEVICE_FAMILY = "1,2";
			};
			name = Release;
		};
/* End XCBuildConfiguration section */

/* Begin XCConfigurationList section */
		4E10CE1820D00A9F00872F4B /* Build configuration list for PBXProject "ReactiveCocoa_Use" */ = {
			isa = XCConfigurationList;
			buildConfigurations = (
				4E10CE3120D00AA000872F4B /* Debug */,
				4E10CE3220D00AA000872F4B /* Release */,
			);
			defaultConfigurationIsVisible = 0;
			defaultConfigurationName = Release;
		};
		4E10CE3320D00AA000872F4B /* Build configuration list for PBXNativeTarget "ReactiveCocoa_Use" */ = {
			isa = XCConfigurationList;
			buildConfigurations = (
				4E10CE3420D00AA000872F4B /* Debug */,
				4E10CE3520D00AA000872F4B /* Release */,
			);
			defaultConfigurationIsVisible = 0;
			defaultConfigurationName = Release;
		};
/* End XCConfigurationList section */
	};
	rootObject = 4E10CE1520D00A9F00872F4B /* Project object */;
}
